{
  "name": "kangaroo-test",
  "version": "1.0.0",
  "lockfileVersion": 1,
  "requires": true,
  "dependencies": {
    "hello-world-npm": {
      "version": "1.1.1",
      "resolved": "https://registry.npmjs.org/hello-world-npm/-/hello-world-npm-1.1.1.tgz",
      "integrity": "sha1-JQgw7wAItDftk+a+WZk0ua0Lkwg="
    }
  }
}
